
Microsoft Visual Studio Solution File, Format Version 12.00
# Visual Studio 15
VisualStudioVersion = 15.0.28307.1433
MinimumVisualStudioVersion = 10.0.40219.1
Project("{9A19103F-16F7-4668-BE54-9A1E7A4F7556}") = "Apresentacao", "Checklist_LGPD_IoT\Apresentacao.csproj", "{C1BD4D9C-1C88-4DAB-800C-E4BC69E8B45C}"
EndProject
Project("{9A19103F-16F7-4668-BE54-9A1E7A4F7556}") = "Aplicacao", "Aplicacao\Aplicacao.csproj", "{81AB835E-BC15-43B2-8A2C-E5593DB2794D}"
EndProject
Project("{9A19103F-16F7-4668-BE54-9A1E7A4F7556}") = "Entidades", "Entidades\Entidades.csproj", "{991AC62A-F90F-4C7C-AF98-1C596AA8B2B0}"
EndProject
Project("{9A19103F-16F7-4668-BE54-9A1E7A4F7556}") = "Repositorios", "Repositorios\Repositorios.csproj", "{E24F5A5F-B254-4636-83A5-5CA75DCCFE2D}"
EndProject
Global
	GlobalSection(SolutionConfigurationPlatforms) = preSolution
		Debug|Any CPU = Debug|Any CPU
		Release|Any CPU = Release|Any CPU
	EndGlobalSection
	GlobalSection(ProjectConfigurationPlatforms) = postSolution
		{C1BD4D9C-1C88-4DAB-800C-E4BC69E8B45C}.Debug|Any CPU.ActiveCfg = Debug|Any CPU
		{C1BD4D9C-1C88-4DAB-800C-E4BC69E8B45C}.Debug|Any CPU.Build.0 = Debug|Any CPU
		{C1BD4D9C-1C88-4DAB-800C-E4BC69E8B45C}.Release|Any CPU.ActiveCfg = Release|Any CPU
		{C1BD4D9C-1C88-4DAB-800C-E4BC69E8B45C}.Release|Any CPU.Build.0 = Release|Any CPU
		{81AB835E-BC15-43B2-8A2C-E5593DB2794D}.Debug|Any CPU.ActiveCfg = Debug|Any CPU
		{81AB835E-BC15-43B2-8A2C-E5593DB2794D}.Debug|Any CPU.Build.0 = Debug|Any CPU
		{81AB835E-BC15-43B2-8A2C-E5593DB2794D}.Release|Any CPU.ActiveCfg = Release|Any CPU
		{81AB835E-BC15-43B2-8A2C-E5593DB2794D}.Release|Any CPU.Build.0 = Release|Any CPU
		{991AC62A-F90F-4C7C-AF98-1C596AA8B2B0}.Debug|Any CPU.ActiveCfg = Debug|Any CPU
		{991AC62A-F90F-4C7C-AF98-1C596AA8B2B0}.Debug|Any CPU.Build.0 = Debug|Any CPU
		{991AC62A-F90F-4C7C-AF98-1C596AA8B2B0}.Release|Any CPU.ActiveCfg = Release|Any CPU
		{991AC62A-F90F-4C7C-AF98-1C596AA8B2B0}.Release|Any CPU.Build.0 = Release|Any CPU
		{E24F5A5F-B254-4636-83A5-5CA75DCCFE2D}.Debug|Any CPU.ActiveCfg = Debug|Any CPU
		{E24F5A5F-B254-4636-83A5-5CA75DCCFE2D}.Debug|Any CPU.Build.0 = Debug|Any CPU
		{E24F5A5F-B254-4636-83A5-5CA75DCCFE2D}.Release|Any CPU.ActiveCfg = Release|Any CPU
		{E24F5A5F-B254-4636-83A5-5CA75DCCFE2D}.Release|Any CPU.Build.0 = Release|Any CPU
	EndGlobalSection
	GlobalSection(SolutionProperties) = preSolution
		HideSolutionNode = FALSE
	EndGlobalSection
	GlobalSection(ExtensibilityGlobals) = postSolution
		SolutionGuid = {27E097F7-B55F-401C-8F86-1EF7DD77FBC8}
	EndGlobalSection
EndGlobal
